// !$*UTF8*$!
{
	archiveVersion = 1;
	classes = {
	};
	objectVersion = 46;
	objects = {

/* Begin PBXBuildFile section */
		D664EA004DF00C88039E3744 /* Pods_FastPitch.framework in Frameworks */ = {isa = PBXBuildFile; fileRef = 5F38F9F8AAA027595311E716 /* Pods_FastPitch.framework */; };
		D70DB9342030CE8D008245D0 /* LeaguesAndTeamsTableViewController.swift in Sources */ = {isa = PBXBuildFile; fileRef = D70DB9332030CE8D008245D0 /* LeaguesAndTeamsTableViewController.swift */; };
		D70DB9362030D24B008245D0 /* LeaguesAndTeams.swift in Sources */ = {isa = PBXBuildFile; fileRef = D70DB9352030D24B008245D0 /* LeaguesAndTeams.swift */; };
		D70DB9382030D4EF008245D0 /* GoogleService-Info.plist in Resources */ = {isa = PBXBuildFile; fileRef = D70DB9372030D4EF008245D0 /* GoogleService-Info.plist */; };
		D70DB93A2030DAA1008245D0 /* LeagueAndTeamCell.swift in Sources */ = {isa = PBXBuildFile; fileRef = D70DB9392030DAA1008245D0 /* LeagueAndTeamCell.swift */; };
		D70DB93C2030F369008245D0 /* BaseballFieldsAndParksViewController.swift in Sources */ = {isa = PBXBuildFile; fileRef = D70DB93B2030F369008245D0 /* BaseballFieldsAndParksViewController.swift */; };
		D70EEF131F8BDDFD00C16197 /* AppDelegate.swift in Sources */ = {isa = PBXBuildFile; fileRef = D70EEF121F8BDDFD00C16197 /* AppDelegate.swift */; };
		D70EEF181F8BDDFD00C16197 /* Main.storyboard in Resources */ = {isa = PBXBuildFile; fileRef = D70EEF161F8BDDFD00C16197 /* Main.storyboard */; };
		D70EEF1A1F8BDDFD00C16197 /* Assets.xcassets in Resources */ = {isa = PBXBuildFile; fileRef = D70EEF191F8BDDFD00C16197 /* Assets.xcassets */; };
		D70EEF1D1F8BDDFD00C16197 /* LaunchScreen.storyboard in Resources */ = {isa = PBXBuildFile; fileRef = D70EEF1B1F8BDDFD00C16197 /* LaunchScreen.storyboard */; };
		D70EEF291F8BE15400C16197 /* LoginViewController.swift in Sources */ = {isa = PBXBuildFile; fileRef = D70EEF251F8BE15400C16197 /* LoginViewController.swift */; };
		D70EEF2D1F8BE6D400C16197 /* DiscountedBaseballEquip.swift in Sources */ = {isa = PBXBuildFile; fileRef = D70EEF2C1F8BE6D400C16197 /* DiscountedBaseballEquip.swift */; };
		D70EEF2F1F8BEAE300C16197 /* EntryViewController.swift in Sources */ = {isa = PBXBuildFile; fileRef = D70EEF2E1F8BEAE300C16197 /* EntryViewController.swift */; };
		D70EEF311F8C33FC00C16197 /* RegisterViewController.swift in Sources */ = {isa = PBXBuildFile; fileRef = D70EEF301F8C33FC00C16197 /* RegisterViewController.swift */; };
		D7FF20AF202644BE00FEFBEB /* EquipmentViewController.swift in Sources */ = {isa = PBXBuildFile; fileRef = D7FF20AE202644BE00FEFBEB /* EquipmentViewController.swift */; };
		D7FF20B12026491300FEFBEB /* ClothesViewController.swift in Sources */ = {isa = PBXBuildFile; fileRef = D7FF20B02026491300FEFBEB /* ClothesViewController.swift */; };
		D7FF20B32026511C00FEFBEB /* FieldsViewController.swift in Sources */ = {isa = PBXBuildFile; fileRef = D7FF20B22026511C00FEFBEB /* FieldsViewController.swift */; };
/* End PBXBuildFile section */

/* Begin PBXFileReference section */
		01ACC41BAEE883EC331DEA39 /* Pods-FastPitch.debug.xcconfig */ = {isa = PBXFileReference; includeInIndex = 1; lastKnownFileType = text.xcconfig; name = "Pods-FastPitch.debug.xcconfig"; path = "Pods/Target Support Files/Pods-FastPitch/Pods-FastPitch.debug.xcconfig"; sourceTree = "<group>"; };
		4A3ABF77529DB789AAF3A64E /* Pods-FastPitch.release.xcconfig */ = {isa = PBXFileReference; includeInIndex = 1; lastKnownFileType = text.xcconfig; name = "Pods-FastPitch.release.xcconfig"; path = "Pods/Target Support Files/Pods-FastPitch/Pods-FastPitch.release.xcconfig"; sourceTree = "<group>"; };
		5F38F9F8AAA027595311E716 /* Pods_FastPitch.framework */ = {isa = PBXFileReference; explicitFileType = wrapper.framework; includeInIndex = 0; path = Pods_FastPitch.framework; sourceTree = BUILT_PRODUCTS_DIR; };
		D70DB9332030CE8D008245D0 /* LeaguesAndTeamsTableViewController.swift */ = {isa = PBXFileReference; fileEncoding = 4; lastKnownFileType = sourcecode.swift; path = LeaguesAndTeamsTableViewController.swift; sourceTree = "<group>"; };
		D70DB9352030D24B008245D0 /* LeaguesAndTeams.swift */ = {isa = PBXFileReference; fileEncoding = 4; lastKnownFileType = sourcecode.swift; path = LeaguesAndTeams.swift; sourceTree = "<group>"; };
		D70DB9372030D4EF008245D0 /* GoogleService-Info.plist */ = {isa = PBXFileReference; fileEncoding = 4; lastKnownFileType = text.plist.xml; path = "GoogleService-Info.plist"; sourceTree = "<group>"; };
		D70DB9392030DAA1008245D0 /* LeagueAndTeamCell.swift */ = {isa = PBXFileReference; fileEncoding = 4; lastKnownFileType = sourcecode.swift; path = LeagueAndTeamCell.swift; sourceTree = "<group>"; };
		D70DB93B2030F369008245D0 /* BaseballFieldsAndParksViewController.swift */ = {isa = PBXFileReference; fileEncoding = 4; lastKnownFileType = sourcecode.swift; path = BaseballFieldsAndParksViewController.swift; sourceTree = "<group>"; };
		D70EEF0F1F8BDDFD00C16197 /* FastPitch.app */ = {isa = PBXFileReference; explicitFileType = wrapper.application; includeInIndex = 0; path = FastPitch.app; sourceTree = BUILT_PRODUCTS_DIR; };
		D70EEF121F8BDDFD00C16197 /* AppDelegate.swift */ = {isa = PBXFileReference; lastKnownFileType = sourcecode.swift; path = AppDelegate.swift; sourceTree = "<group>"; };
		D70EEF171F8BDDFD00C16197 /* Base */ = {isa = PBXFileReference; lastKnownFileType = file.storyboard; name = Base; path = Base.lproj/Main.storyboard; sourceTree = "<group>"; };
		D70EEF191F8BDDFD00C16197 /* Assets.xcassets */ = {isa = PBXFileReference; lastKnownFileType = folder.assetcatalog; path = Assets.xcassets; sourceTree = "<group>"; };
		D70EEF1C1F8BDDFD00C16197 /* Base */ = {isa = PBXFileReference; lastKnownFileType = file.storyboard; name = Base; path = Base.lproj/LaunchScreen.storyboard; sourceTree = "<group>"; };
		D70EEF1E1F8BDDFD00C16197 /* Info.plist */ = {isa = PBXFileReference; lastKnownFileType = text.plist.xml; path = Info.plist; sourceTree = "<group>"; };
		D70EEF251F8BE15400C16197 /* LoginViewController.swift */ = {isa = PBXFileReference; fileEncoding = 4; lastKnownFileType = sourcecode.swift; path = LoginViewController.swift; sourceTree = "<group>"; };
		D70EEF2C1F8BE6D400C16197 /* DiscountedBaseballEquip.swift */ = {isa = PBXFileReference; fileEncoding = 4; lastKnownFileType = sourcecode.swift; path = DiscountedBaseballEquip.swift; sourceTree = "<group>"; };
		D70EEF2E1F8BEAE300C16197 /* EntryViewController.swift */ = {isa = PBXFileReference; fileEncoding = 4; lastKnownFileType = sourcecode.swift; path = EntryViewController.swift; sourceTree = "<group>"; };
		D70EEF301F8C33FC00C16197 /* RegisterViewController.swift */ = {isa = PBXFileReference; fileEncoding = 4; lastKnownFileType = sourcecode.swift; path = RegisterViewController.swift; sourceTree = "<group>"; };
		D7FF20AE202644BE00FEFBEB /* EquipmentViewController.swift */ = {isa = PBXFileReference; fileEncoding = 4; lastKnownFileType = sourcecode.swift; path = EquipmentViewController.swift; sourceTree = "<group>"; };
		D7FF20B02026491300FEFBEB /* ClothesViewController.swift */ = {isa = PBXFileReference; fileEncoding = 4; lastKnownFileType = sourcecode.swift; path = ClothesViewController.swift; sourceTree = "<group>"; };
		D7FF20B22026511C00FEFBEB /* FieldsViewController.swift */ = {isa = PBXFileReference; fileEncoding = 4; lastKnownFileType = sourcecode.swift; path = FieldsViewController.swift; sourceTree = "<group>"; };
/* End PBXFileReference section */

/* Begin PBXFrameworksBuildPhase section */
		D70EEF0C1F8BDDFD00C16197 /* Frameworks */ = {
			isa = PBXFrameworksBuildPhase;
			buildActionMask = 2147483647;
			files = (
				D664EA004DF00C88039E3744 /* Pods_FastPitch.framework in Frameworks */,
			);
			runOnlyForDeploymentPostprocessing = 0;
		};
/* End PBXFrameworksBuildPhase section */

/* Begin PBXGroup section */
		44C7481BF5759B688740B2D1 /* Frameworks */ = {
			isa = PBXGroup;
			children = (
				5F38F9F8AAA027595311E716 /* Pods_FastPitch.framework */,
			);
			name = Frameworks;
			sourceTree = "<group>";
		};
		D70EEF061F8BDDFD00C16197 = {
			isa = PBXGroup;
			children = (
				D70EEF111F8BDDFD00C16197 /* FastPitch */,
				D70EEF101F8BDDFD00C16197 /* Products */,
				E916FE92FA2894BADCFE7CB6 /* Pods */,
				44C7481BF5759B688740B2D1 /* Frameworks */,
			);
			sourceTree = "<group>";
		};
		D70EEF101F8BDDFD00C16197 /* Products */ = {
			isa = PBXGroup;
			children = (
				D70EEF0F1F8BDDFD00C16197 /* FastPitch.app */,
			);
			name = Products;
			sourceTree = "<group>";
		};
		D70EEF111F8BDDFD00C16197 /* FastPitch */ = {
			isa = PBXGroup;
			children = (
				D70EEF121F8BDDFD00C16197 /* AppDelegate.swift */,
				D70EEF251F8BE15400C16197 /* LoginViewController.swift */,
				D70EEF161F8BDDFD00C16197 /* Main.storyboard */,
				D7FF20B02026491300FEFBEB /* ClothesViewController.swift */,
				D7FF20B22026511C00FEFBEB /* FieldsViewController.swift */,
				D70EEF301F8C33FC00C16197 /* RegisterViewController.swift */,
				D70EEF191F8BDDFD00C16197 /* Assets.xcassets */,
				D70EEF1B1F8BDDFD00C16197 /* LaunchScreen.storyboard */,
				D70EEF1E1F8BDDFD00C16197 /* Info.plist */,
				D70DB9372030D4EF008245D0 /* GoogleService-Info.plist */,
				D70EEF2C1F8BE6D400C16197 /* DiscountedBaseballEquip.swift */,
				D70EEF2E1F8BEAE300C16197 /* EntryViewController.swift */,
				D7FF20AE202644BE00FEFBEB /* EquipmentViewController.swift */,
				D70DB9332030CE8D008245D0 /* LeaguesAndTeamsTableViewController.swift */,
				D70DB9352030D24B008245D0 /* LeaguesAndTeams.swift */,
				D70DB9392030DAA1008245D0 /* LeagueAndTeamCell.swift */,
				D70DB93B2030F369008245D0 /* BaseballFieldsAndParksViewController.swift */,
			);
			path = FastPitch;
			sourceTree = "<group>";
		};
		E916FE92FA2894BADCFE7CB6 /* Pods */ = {
			isa = PBXGroup;
			children = (
				01ACC41BAEE883EC331DEA39 /* Pods-FastPitch.debug.xcconfig */,
				4A3ABF77529DB789AAF3A64E /* Pods-FastPitch.release.xcconfig */,
			);
			name = Pods;
			sourceTree = "<group>";
		};
/* End PBXGroup section */

/* Begin PBXNativeTarget section */
		D70EEF0E1F8BDDFD00C16197 /* FastPitch */ = {
			isa = PBXNativeTarget;
			buildConfigurationList = D70EEF211F8BDDFD00C16197 /* Build configuration list for PBXNativeTarget "FastPitch" */;
			buildPhases = (
				F0B3804842AFDD23E926AB67 /* [CP] Check Pods Manifest.lock */,
				D70EEF0B1F8BDDFD00C16197 /* Sources */,
				D70EEF0C1F8BDDFD00C16197 /* Frameworks */,
				D70EEF0D1F8BDDFD00C16197 /* Resources */,
				058D7A1A1AE2214BB28D0FDF /* [CP] Embed Pods Frameworks */,
				A5EE181D2B143C3F7795C5B8 /* [CP] Copy Pods Resources */,
			);
			buildRules = (
			);
			dependencies = (
			);
			name = FastPitch;
			productName = FastPitch;
			productReference = D70EEF0F1F8BDDFD00C16197 /* FastPitch.app */;
			productType = "com.apple.product-type.application";
		};
/* End PBXNativeTarget section */

/* Begin PBXProject section */
		D70EEF071F8BDDFD00C16197 /* Project object */ = {
			isa = PBXProject;
			attributes = {
				LastSwiftUpdateCheck = 0830;
				LastUpgradeCheck = 1010;
				ORGANIZATIONNAME = hgp;
				TargetAttributes = {
					D70EEF0E1F8BDDFD00C16197 = {
						CreatedOnToolsVersion = 8.3.3;
						DevelopmentTeam = 8EBE659WVK;
						LastSwiftMigration = 1010;
						ProvisioningStyle = Automatic;
					};
				};
			};
			buildConfigurationList = D70EEF0A1F8BDDFD00C16197 /* Build configuration list for PBXProject "FastPitch" */;
			compatibilityVersion = "Xcode 3.2";
			developmentRegion = English;
			hasScannedForEncodings = 0;
			knownRegions = (
				en,
				Base,
			);
			mainGroup = D70EEF061F8BDDFD00C16197;
			productRefGroup = D70EEF101F8BDDFD00C16197 /* Products */;
			projectDirPath = "";
			projectRoot = "";
			targets = (
				D70EEF0E1F8BDDFD00C16197 /* FastPitch */,
			);
		};
/* End PBXProject section */

/* Begin PBXResourcesBuildPhase section */
		D70EEF0D1F8BDDFD00C16197 /* Resources */ = {
			isa = PBXResourcesBuildPhase;
			buildActionMask = 2147483647;
			files = (
				D70DB9382030D4EF008245D0 /* GoogleService-Info.plist in Resources */,
				D70EEF1D1F8BDDFD00C16197 /* LaunchScreen.storyboard in Resources */,
				D70EEF1A1F8BDDFD00C16197 /* Assets.xcassets in Resources */,
				D70EEF181F8BDDFD00C16197 /* Main.storyboard in Resources */,
			);
			runOnlyForDeploymentPostprocessing = 0;
		};
/* End PBXResourcesBuildPhase section */

/* Begin PBXShellScriptBuildPhase section */
		058D7A1A1AE2214BB28D0FDF /* [CP] Embed Pods Frameworks */ = {
			isa = PBXShellScriptBuildPhase;
			buildActionMask = 2147483647;
			files = (
			);
			inputPaths = (
				"${SRCROOT}/Pods/Target Support Files/Pods-FastPitch/Pods-FastPitch-frameworks.sh",
				"${BUILT_PRODUCTS_DIR}/GTMSessionFetcher/GTMSessionFetcher.framework",
				"${BUILT_PRODUCTS_DIR}/GoogleToolboxForMac/GoogleToolboxForMac.framework",
				"${BUILT_PRODUCTS_DIR}/SDWebImage/SDWebImage.framework",
				"${BUILT_PRODUCTS_DIR}/leveldb-library/leveldb.framework",
				"${BUILT_PRODUCTS_DIR}/nanopb/nanopb.framework",
			);
			name = "[CP] Embed Pods Frameworks";
			outputPaths = (
				"${TARGET_BUILD_DIR}/${FRAMEWORKS_FOLDER_PATH}/GTMSessionFetcher.framework",
				"${TARGET_BUILD_DIR}/${FRAMEWORKS_FOLDER_PATH}/GoogleToolboxForMac.framework",
				"${TARGET_BUILD_DIR}/${FRAMEWORKS_FOLDER_PATH}/SDWebImage.framework",
				"${TARGET_BUILD_DIR}/${FRAMEWORKS_FOLDER_PATH}/leveldb.framework",
				"${TARGET_BUILD_DIR}/${FRAMEWORKS_FOLDER_PATH}/nanopb.framework",
			);
			runOnlyForDeploymentPostprocessing = 0;
			shellPath = /bin/sh;
			shellScript = "\"${SRCROOT}/Pods/Target Support Files/Pods-FastPitch/Pods-FastPitch-frameworks.sh\"\n";
			showEnvVarsInLog = 0;
		};
		A5EE181D2B143C3F7795C5B8 /* [CP] Copy Pods Resources */ = {
			isa = PBXShellScriptBuildPhase;
			buildActionMask = 2147483647;
			files = (
			);
			inputPaths = (
			);
			name = "[CP] Copy Pods Resources";
			outputPaths = (
			);
			runOnlyForDeploymentPostprocessing = 0;
			shellPath = /bin/sh;
			shellScript = "\"${SRCROOT}/Pods/Target Support Files/Pods-FastPitch/Pods-FastPitch-resources.sh\"\n";
			showEnvVarsInLog = 0;
		};
		F0B3804842AFDD23E926AB67 /* [CP] Check Pods Manifest.lock */ = {
			isa = PBXShellScriptBuildPhase;
			buildActionMask = 2147483647;
			files = (
			);
			inputPaths = (
				"${PODS_PODFILE_DIR_PATH}/Podfile.lock",
				"${PODS_ROOT}/Manifest.lock",
			);
			name = "[CP] Check Pods Manifest.lock";
			outputPaths = (
				"$(DERIVED_FILE_DIR)/Pods-FastPitch-checkManifestLockResult.txt",
			);
			runOnlyForDeploymentPostprocessing = 0;
			shellPath = /bin/sh;
			shellScript = "diff \"${PODS_PODFILE_DIR_PATH}/Podfile.lock\" \"${PODS_ROOT}/Manifest.lock\" > /dev/null\nif [ $? != 0 ] ; then\n    # print error to STDERR\n    echo \"error: The sandbox is not in sync with the Podfile.lock. Run 'pod install' or update your CocoaPods installation.\" >&2\n    exit 1\nfi\n# This output is used by Xcode 'outputs' to avoid re-running this script phase.\necho \"SUCCESS\" > \"${SCRIPT_OUTPUT_FILE_0}\"\n";
			showEnvVarsInLog = 0;
		};
/* End PBXShellScriptBuildPhase section */

/* Begin PBXSourcesBuildPhase section */
		D70EEF0B1F8BDDFD00C16197 /* Sources */ = {
			isa = PBXSourcesBuildPhase;
			buildActionMask = 2147483647;
			files = (
				D70EEF311F8C33FC00C16197 /* RegisterViewController.swift in Sources */,
				D70EEF131F8BDDFD00C16197 /* AppDelegate.swift in Sources */,
				D70EEF2D1F8BE6D400C16197 /* DiscountedBaseballEquip.swift in Sources */,
				D70DB9362030D24B008245D0 /* LeaguesAndTeams.swift in Sources */,
				D7FF20B32026511C00FEFBEB /* FieldsViewController.swift in Sources */,
				D70EEF291F8BE15400C16197 /* LoginViewController.swift in Sources */,
				D70DB93C2030F369008245D0 /* BaseballFieldsAndParksViewController.swift in Sources */,
				D70EEF2F1F8BEAE300C16197 /* EntryViewController.swift in Sources */,
				D7FF20B12026491300FEFBEB /* ClothesViewController.swift in Sources */,
				D70DB93A2030DAA1008245D0 /* LeagueAndTeamCell.swift in Sources */,
				D7FF20AF202644BE00FEFBEB /* EquipmentViewController.swift in Sources */,
				D70DB9342030CE8D008245D0 /* LeaguesAndTeamsTableViewController.swift in Sources */,
			);
			runOnlyForDeploymentPostprocessing = 0;
		};
/* End PBXSourcesBuildPhase section */

/* Begin PBXVariantGroup section */
		D70EEF161F8BDDFD00C16197 /* Main.storyboard */ = {
			isa = PBXVariantGroup;
			children = (
				D70EEF171F8BDDFD00C16197 /* Base */,
			);
			name = Main.storyboard;
			sourceTree = "<group>";
		};
		D70EEF1B1F8BDDFD00C16197 /* LaunchScreen.storyboard */ = {
			isa = PBXVariantGroup;
			children = (
				D70EEF1C1F8BDDFD00C16197 /* Base */,
			);
			name = LaunchScreen.storyboard;
			sourceTree = "<group>";
		};
/* End PBXVariantGroup section */

/* Begin XCBuildConfiguration section */
		D70EEF1F1F8BDDFD00C16197 /* Debug */ = {
			isa = XCBuildConfiguration;
			buildSettings = {
				ALWAYS_SEARCH_USER_PATHS = NO;
				CLANG_ANALYZER_NONNULL = YES;
				CLANG_ANALYZER_NUMBER_OBJECT_CONVERSION = YES_AGGRESSIVE;
				CLANG_CXX_LANGUAGE_STANDARD = "gnu++0x";
				CLANG_CXX_LIBRARY = "libc++";
				CLANG_ENABLE_MODULES = YES;
				CLANG_ENABLE_OBJC_ARC = YES;
				CLANG_WARN_BLOCK_CAPTURE_AUTORELEASING = YES;
				CLANG_WARN_BOOL_CONVERSION = YES;
				CLANG_WARN_COMMA = YES;
				CLANG_WARN_CONSTANT_CONVERSION = YES;
				CLANG_WARN_DEPRECATED_OBJC_IMPLEMENTATIONS = YES;
				CLANG_WARN_DIRECT_OBJC_ISA_USAGE = YES_ERROR;
				CLANG_WARN_DOCUMENTATION_COMMENTS = YES;
				CLANG_WARN_EMPTY_BODY = YES;
				CLANG_WARN_ENUM_CONVERSION = YES;
				CLANG_WARN_INFINITE_RECURSION = YES;
				CLANG_WARN_INT_CONVERSION = YES;
				CLANG_WARN_NON_LITERAL_NULL_CONVERSION = YES;
				CLANG_WARN_OBJC_IMPLICIT_RETAIN_SELF = YES;
				CLANG_WARN_OBJC_LITERAL_CONVERSION = YES;
				CLANG_WARN_OBJC_ROOT_CLASS = YES_ERROR;
				CLANG_WARN_RANGE_LOOP_ANALYSIS = YES;
				CLANG_WARN_STRICT_PROTOTYPES = YES;
				CLANG_WARN_SUSPICIOUS_MOVE = YES;
				CLANG_WARN_UNREACHABLE_CODE = YES;
				CLANG_WARN__DUPLICATE_METHOD_MATCH = YES;
				"CODE_SIGN_IDENTITY[sdk=iphoneos*]" = "iPhone Developer";
				COPY_PHASE_STRIP = NO;
				DEBUG_INFORMATION_FORMAT = dwarf;
				ENABLE_STRICT_OBJC_MSGSEND = YES;
				ENABLE_TESTABILITY = YES;
				GCC_C_LANGUAGE_STANDARD = gnu99;
				GCC_DYNAMIC_NO_PIC = NO;
				GCC_NO_COMMON_BLOCKS = YES;
				GCC_OPTIMIZATION_LEVEL = 0;
				GCC_PREPROCESSOR_DEFINITIONS = (
					"DEBUG=1",
					"$(inherited)",
				);
				GCC_WARN_64_TO_32_BIT_CONVERSION = YES;
				GCC_WARN_ABOUT_RETURN_TYPE = YES_ERROR;
				GCC_WARN_UNDECLARED_SELECTOR = YES;
				GCC_WARN_UNINITIALIZED_AUTOS = YES_AGGRESSIVE;
				GCC_WARN_UNUSED_FUNCTION = YES;
				GCC_WARN_UNUSED_VARIABLE = YES;
				IPHONEOS_DEPLOYMENT_TARGET = 10.3;
				MTL_ENABLE_DEBUG_INFO = YES;
				ONLY_ACTIVE_ARCH = YES;
				SDKROOT = iphoneos;
				SWIFT_ACTIVE_COMPILATION_CONDITIONS = DEBUG;
				SWIFT_OPTIMIZATION_LEVEL = "-Onone";
			};
			name = Debug;
		};
		D70EEF201F8BDDFD00C16197 /* Release */ = {
			isa = XCBuildConfiguration;
			buildSettings = {
				ALWAYS_SEARCH_USER_PATHS = NO;
				CLANG_ANALYZER_NONNULL = YES;
				CLANG_ANALYZER_NUMBER_OBJECT_CONVERSION = YES_AGGRESSIVE;
				CLANG_CXX_LANGUAGE_STANDARD = "gnu++0x";
				CLANG_CXX_LIBRARY = "libc++";
				CLANG_ENABLE_MODULES = YES;
				CLANG_ENABLE_OBJC_ARC = YES;
				CLANG_WARN_BLOCK_CAPTURE_AUTORELEASING = YES;
				CLANG_WARN_BOOL_CONVERSION = YES;
				CLANG_WARN_COMMA = YES;
				CLANG_WARN_CONSTANT_CONVERSION = YES;
				CLANG_WARN_DEPRECATED_OBJC_IMPLEMENTATIONS = YES;
				CLANG_WARN_DIRECT_OBJC_ISA_USAGE = YES_ERROR;
				CLANG_WARN_DOCUMENTATION_COMMENTS = YES;
				CLANG_WARN_EMPTY_BODY = YES;
				CLANG_WARN_ENUM_CONVERSION = YES;
				CLANG_WARN_INFINITE_RECURSION = YES;
				CLANG_WARN_INT_CONVERSION = YES;
				CLANG_WARN_NON_LITERAL_NULL_CONVERSION = YES;
				CLANG_WARN_OBJC_IMPLICIT_RETAIN_SELF = YES;
				CLANG_WARN_OBJC_LITERAL_CONVERSION = YES;
				CLANG_WARN_OBJC_ROOT_CLASS = YES_ERROR;
				CLANG_WARN_RANGE_LOOP_ANALYSIS = YES;
				CLANG_WARN_STRICT_PROTOTYPES = YES;
				CLANG_WARN_SUSPICIOUS_MOVE = YES;
				CLANG_WARN_UNREACHABLE_CODE = YES;
				CLANG_WARN__DUPLICATE_METHOD_MATCH = YES;
				"CODE_SIGN_IDENTITY[sdk=iphoneos*]" = "iPhone Developer";
				COPY_PHASE_STRIP = NO;
				DEBUG_INFORMATION_FORMAT = "dwarf-with-dsym";
				ENABLE_NS_ASSERTIONS = NO;
				ENABLE_STRICT_OBJC_MSGSEND = YES;
				GCC_C_LANGUAGE_STANDARD = gnu99;
				GCC_NO_COMMON_BLOCKS = YES;
				GCC_WARN_64_TO_32_BIT_CONVERSION = YES;
				GCC_WARN_ABOUT_RETURN_TYPE = YES_ERROR;
				GCC_WARN_UNDECLARED_SELECTOR = YES;
				GCC_WARN_UNINITIALIZED_AUTOS = YES_AGGRESSIVE;
				GCC_WARN_UNUSED_FUNCTION = YES;
				GCC_WARN_UNUSED_VARIABLE = YES;
				IPHONEOS_DEPLOYMENT_TARGET = 10.3;
				MTL_ENABLE_DEBUG_INFO = NO;
				SDKROOT = iphoneos;
				SWIFT_OPTIMIZATION_LEVEL = "-Owholemodule";
				VALIDATE_PRODUCT = YES;
			};
			name = Release;
		};
		D70EEF221F8BDDFD00C16197 /* Debug */ = {
			isa = XCBuildConfiguration;
			baseConfigurationReference = 01ACC41BAEE883EC331DEA39 /* Pods-FastPitch.debug.xcconfig */;
			buildSettings = {
				ASSETCATALOG_COMPILER_APPICON_NAME = AppIcon;
				CODE_SIGN_IDENTITY = "iPhone Developer";
				CODE_SIGN_STYLE = Automatic;
				DEVELOPMENT_TEAM = 8EBE659WVK;
				INFOPLIST_FILE = FastPitch/Info.plist;
				IPHONEOS_DEPLOYMENT_TARGET = 12.1;
				LD_RUNPATH_SEARCH_PATHS = "$(inherited) @executable_path/Frameworks";
				PRODUCT_BUNDLE_IDENTIFIER = com.FastPitch.ios;
				PRODUCT_NAME = "$(TARGET_NAME)";
				PROVISIONING_PROFILE_SPECIFIER = "";
				SWIFT_SWIFT3_OBJC_INFERENCE = On;
				SWIFT_VERSION = 4.2;
			};
			name = Debug;
		};
		D70EEF231F8BDDFD00C16197 /* Release */ = {
			isa = XCBuildConfiguration;
			baseConfigurationReference = 4A3ABF77529DB789AAF3A64E /* Pods-FastPitch.release.xcconfig */;
			buildSettings = {
				ASSETCATALOG_COMPILER_APPICON_NAME = AppIcon;
				CODE_SIGN_IDENTITY = "iPhone Developer";
				CODE_SIGN_STYLE = Automatic;
				DEVELOPMENT_TEAM = 8EBE659WVK;
				INFOPLIST_FILE = FastPitch/Info.plist;
				IPHONEOS_DEPLOYMENT_TARGET = 12.1;
				LD_RUNPATH_SEARCH_PATHS = "$(inherited) @executable_path/Frameworks";
				PRODUCT_BUNDLE_IDENTIFIER = com.FastPitch.ios;
				PRODUCT_NAME = "$(TARGET_NAME)";
				PROVISIONING_PROFILE_SPECIFIER = "";
				SWIFT_SWIFT3_OBJC_INFERENCE = On;
				SWIFT_VERSION = 4.2;
			};
			name = Release;
		};
/* End XCBuildConfiguration section */

/* Begin XCConfigurationList section */
		D70EEF0A1F8BDDFD00C16197 /* Build configuration list for PBXProject "FastPitch" */ = {
			isa = XCConfigurationList;
			buildConfigurations = (
				D70EEF1F1F8BDDFD00C16197 /* Debug */,
				D70EEF201F8BDDFD00C16197 /* Release */,
			);
			defaultConfigurationIsVisible = 0;
			defaultConfigurationName = Release;
		};
		D70EEF211F8BDDFD00C16197 /* Build configuration list for PBXNativeTarget "FastPitch" */ = {
			isa = XCConfigurationList;
			buildConfigurations = (
				D70EEF221F8BDDFD00C16197 /* Debug */,
				D70EEF231F8BDDFD00C16197 /* Release */,
			);
			defaultConfigurationIsVisible = 0;
			defaultConfigurationName = Release;
		};
/* End XCConfigurationList section */
	};
	rootObject = D70EEF071F8BDDFD00C16197 /* Project object */;
}
